// !$*UTF8*$!
{
	archiveVersion = 1;
	classes = {
	};
	objectVersion = 56;
	objects = {

/* Begin PBXBuildFile section */
		0456B7A32A0DA8550071120C /* SKButton.swift in Sources */ = {isa = PBXBuildFile; fileRef = 0456B7A22A0DA8550071120C /* SKButton.swift */; };
		0456B7A52A0DB1CD0071120C /* SKUsernameTextField.swift in Sources */ = {isa = PBXBuildFile; fileRef = 0456B7A42A0DB1CD0071120C /* SKUsernameTextField.swift */; };
		047FA03129F3B9C700C5FCBB /* LaunchViewController.swift in Sources */ = {isa = PBXBuildFile; fileRef = 047FA03029F3B9C700C5FCBB /* LaunchViewController.swift */; };
		047FA03429F3BE0600C5FCBB /* SKTextField.swift in Sources */ = {isa = PBXBuildFile; fileRef = 047FA03329F3BE0600C5FCBB /* SKTextField.swift */; };
		047FA03629F3BED200C5FCBB /* LoginViewController.swift in Sources */ = {isa = PBXBuildFile; fileRef = 047FA03529F3BED200C5FCBB /* LoginViewController.swift */; };
		047FA03829F3C1B000C5FCBB /* PasswordRecoveryViewController.swift in Sources */ = {isa = PBXBuildFile; fileRef = 047FA03729F3C1B000C5FCBB /* PasswordRecoveryViewController.swift */; };
		047FA03A29F3C2F600C5FCBB /* OTPViewController.swift in Sources */ = {isa = PBXBuildFile; fileRef = 047FA03929F3C2F600C5FCBB /* OTPViewController.swift */; };
		047FA03C29F3C5B500C5FCBB /* PasswordChangedViewController.swift in Sources */ = {isa = PBXBuildFile; fileRef = 047FA03B29F3C5B500C5FCBB /* PasswordChangedViewController.swift */; };
		047FA03E29F3C68000C5FCBB /* SignUpViewController.swift in Sources */ = {isa = PBXBuildFile; fileRef = 047FA03D29F3C68000C5FCBB /* SignUpViewController.swift */; };
		047FA04129F3C86200C5FCBB /* MainTabbarViewController.swift in Sources */ = {isa = PBXBuildFile; fileRef = 047FA04029F3C86200C5FCBB /* MainTabbarViewController.swift */; };
		047FA06429F3C8B100C5FCBB /* Logger.swift in Sources */ = {isa = PBXBuildFile; fileRef = 047FA04329F3C8B100C5FCBB /* Logger.swift */; };
		047FA06729F3C8B100C5FCBB /* Date.swift in Sources */ = {isa = PBXBuildFile; fileRef = 047FA04829F3C8B100C5FCBB /* Date.swift */; };
		047FA06829F3C8B100C5FCBB /* String.swift in Sources */ = {isa = PBXBuildFile; fileRef = 047FA04929F3C8B100C5FCBB /* String.swift */; };
		047FA06929F3C8B100C5FCBB /* Double.swift in Sources */ = {isa = PBXBuildFile; fileRef = 047FA04A29F3C8B100C5FCBB /* Double.swift */; };
		047FA06A29F3C8B100C5FCBB /* CircularProgressBarView.swift in Sources */ = {isa = PBXBuildFile; fileRef = 047FA04B29F3C8B100C5FCBB /* CircularProgressBarView.swift */; };
		047FA06B29F3C8B100C5FCBB /* DefaultWhiteButton.swift in Sources */ = {isa = PBXBuildFile; fileRef = 047FA04C29F3C8B100C5FCBB /* DefaultWhiteButton.swift */; };
		047FA06C29F3C8B100C5FCBB /* SKCardView.swift in Sources */ = {isa = PBXBuildFile; fileRef = 047FA04D29F3C8B100C5FCBB /* SKCardView.swift */; };
		047FA07B29F3C8B100C5FCBB /* UIView.swift in Sources */ = {isa = PBXBuildFile; fileRef = 047FA06229F3C8B100C5FCBB /* UIView.swift */; };
		047FA07C29F3C8B100C5FCBB /* UICollectionView.swift in Sources */ = {isa = PBXBuildFile; fileRef = 047FA06329F3C8B100C5FCBB /* UICollectionView.swift */; };
		047FA08129F3C9B400C5FCBB /* Screen.swift in Sources */ = {isa = PBXBuildFile; fileRef = 047FA07E29F3C9B400C5FCBB /* Screen.swift */; };
		047FA08229F3C9B400C5FCBB /* ColorPalette.swift in Sources */ = {isa = PBXBuildFile; fileRef = 047FA07F29F3C9B400C5FCBB /* ColorPalette.swift */; };
		047FA08329F3C9B400C5FCBB /* URLs.swift in Sources */ = {isa = PBXBuildFile; fileRef = 047FA08029F3C9B400C5FCBB /* URLs.swift */; };
		047FA08629F3CA2300C5FCBB /* FavoritesNavigationViewController.swift in Sources */ = {isa = PBXBuildFile; fileRef = 047FA08529F3CA2300C5FCBB /* FavoritesNavigationViewController.swift */; };
		047FA08829F3CA5B00C5FCBB /* HousesNavigationViewController.swift in Sources */ = {isa = PBXBuildFile; fileRef = 047FA08729F3CA5B00C5FCBB /* HousesNavigationViewController.swift */; };
		047FA08A29F3CA7000C5FCBB /* MainNavigationViewController.swift in Sources */ = {isa = PBXBuildFile; fileRef = 047FA08929F3CA7000C5FCBB /* MainNavigationViewController.swift */; };
		047FA08C29F3CA8B00C5FCBB /* ProfileNavigationViewController.swift in Sources */ = {isa = PBXBuildFile; fileRef = 047FA08B29F3CA8B00C5FCBB /* ProfileNavigationViewController.swift */; };
		047FA08E29F3D09A00C5FCBB /* FavoritesViewController.swift in Sources */ = {isa = PBXBuildFile; fileRef = 047FA08D29F3D09A00C5FCBB /* FavoritesViewController.swift */; };
		047FA09029F3D0AA00C5FCBB /* HousesViewController.swift in Sources */ = {isa = PBXBuildFile; fileRef = 047FA08F29F3D0AA00C5FCBB /* HousesViewController.swift */; };
		047FA09229F3D0BC00C5FCBB /* MainListViewController.swift in Sources */ = {isa = PBXBuildFile; fileRef = 047FA09129F3D0BC00C5FCBB /* MainListViewController.swift */; };
		047FA09429F3D0F000C5FCBB /* ProfileViewController.swift in Sources */ = {isa = PBXBuildFile; fileRef = 047FA09329F3D0F000C5FCBB /* ProfileViewController.swift */; };
		047FA09829F3D20100C5FCBB /* FavoriteTableViewCell.swift in Sources */ = {isa = PBXBuildFile; fileRef = 047FA09729F3D20100C5FCBB /* FavoriteTableViewCell.swift */; };
		047FA09C29F3D3FA00C5FCBB /* HouseTableViewCell.swift in Sources */ = {isa = PBXBuildFile; fileRef = 047FA09B29F3D3FA00C5FCBB /* HouseTableViewCell.swift */; };
		047FA0A229F3D4B200C5FCBB /* TypeCollectionViewCell.swift in Sources */ = {isa = PBXBuildFile; fileRef = 047FA0A129F3D4B200C5FCBB /* TypeCollectionViewCell.swift */; };
		048CCDD229F3AE4300919FB6 /* Main.storyboard in Resources */ = {isa = PBXBuildFile; fileRef = 048CCDD129F3AE4300919FB6 /* Main.storyboard */; };
		048CCDD829F3B91900919FB6 /* LaunchScreen_GIF.gif in Resources */ = {isa = PBXBuildFile; fileRef = 048CCDD729F3B91900919FB6 /* LaunchScreen_GIF.gif */; };
		048DC70C29F3D55F006BB476 /* AdTableViewCell.swift in Sources */ = {isa = PBXBuildFile; fileRef = 048DC70B29F3D55F006BB476 /* AdTableViewCell.swift */; };
		0493858829F2BE060032386F /* AppDelegate.swift in Sources */ = {isa = PBXBuildFile; fileRef = 0493858729F2BE060032386F /* AppDelegate.swift */; };
		0493858A29F2BE060032386F /* SceneDelegate.swift in Sources */ = {isa = PBXBuildFile; fileRef = 0493858929F2BE060032386F /* SceneDelegate.swift */; };
		0493858C29F2BE060032386F /* OpeningScreenViewController.swift in Sources */ = {isa = PBXBuildFile; fileRef = 0493858B29F2BE060032386F /* OpeningScreenViewController.swift */; };
		0493858F29F2BE060032386F /* Authorization.storyboard in Resources */ = {isa = PBXBuildFile; fileRef = 0493858D29F2BE060032386F /* Authorization.storyboard */; };
		0493859129F2BE070032386F /* Assets.xcassets in Resources */ = {isa = PBXBuildFile; fileRef = 0493859029F2BE070032386F /* Assets.xcassets */; };
		0493859429F2BE070032386F /* LaunchScreen.storyboard in Resources */ = {isa = PBXBuildFile; fileRef = 0493859229F2BE070032386F /* LaunchScreen.storyboard */; };
		04A7F85629F3E41400B7EDC8 /* ProfileBlockTableViewCell.swift in Sources */ = {isa = PBXBuildFile; fileRef = 04A7F85529F3E41300B7EDC8 /* ProfileBlockTableViewCell.swift */; };
		04A7F85929F416F400B7EDC8 /* HeaderTableViewCell.swift in Sources */ = {isa = PBXBuildFile; fileRef = 04A7F85829F416F400B7EDC8 /* HeaderTableViewCell.swift */; };
		04A7F85B29F416FF00B7EDC8 /* BodyTableViewCell.swift in Sources */ = {isa = PBXBuildFile; fileRef = 04A7F85A29F416FF00B7EDC8 /* BodyTableViewCell.swift */; };
		04B8F1622A0EEF03000B788B /* SKCurveView.swift in Sources */ = {isa = PBXBuildFile; fileRef = 04B8F1612A0EEF03000B788B /* SKCurveView.swift */; };
		04B8F1652A0F76E1000B788B /* SearchViewController.swift in Sources */ = {isa = PBXBuildFile; fileRef = 04B8F1642A0F76E1000B788B /* SearchViewController.swift */; };
		04B8F1692A0F7A67000B788B /* CriteriaTableViewCellString.swift in Sources */ = {isa = PBXBuildFile; fileRef = 04B8F1682A0F7A67000B788B /* CriteriaTableViewCellString.swift */; };
		04B8F16B2A0F7B6C000B788B /* CriteriaTableViewCellBool.swift in Sources */ = {isa = PBXBuildFile; fileRef = 04B8F16A2A0F7B6C000B788B /* CriteriaTableViewCellBool.swift */; };
		04C821522A0D744200FA96A8 /* Server.swift in Sources */ = {isa = PBXBuildFile; fileRef = 04C821512A0D744200FA96A8 /* Server.swift */; };
		04C821552A0D7A6E00FA96A8 /* CacheManager.swift in Sources */ = {isa = PBXBuildFile; fileRef = 04C821542A0D7A6E00FA96A8 /* CacheManager.swift */; };
		04C821572A0D7C1900FA96A8 /* ProgressHud.swift in Sources */ = {isa = PBXBuildFile; fileRef = 04C821562A0D7C1900FA96A8 /* ProgressHud.swift */; };
		04E2546429F79F4F00AD84EC /* HouseViewController.swift in Sources */ = {isa = PBXBuildFile; fileRef = 04E2546329F79F4F00AD84EC /* HouseViewController.swift */; };
		04E2546629F7A09100AD84EC /* HouseHeaderTableViewCell.swift in Sources */ = {isa = PBXBuildFile; fileRef = 04E2546529F7A09100AD84EC /* HouseHeaderTableViewCell.swift */; };
		04E2546829F7A0A000AD84EC /* HousePriceTableViewCell.swift in Sources */ = {isa = PBXBuildFile; fileRef = 04E2546729F7A0A000AD84EC /* HousePriceTableViewCell.swift */; };
		04E2546A29F7A0B300AD84EC /* HouseOverviewTableViewCell.swift in Sources */ = {isa = PBXBuildFile; fileRef = 04E2546929F7A0B300AD84EC /* HouseOverviewTableViewCell.swift */; };
		04E2546C29F7A0C700AD84EC /* HouseCalendarTableViewCell.swift in Sources */ = {isa = PBXBuildFile; fileRef = 04E2546B29F7A0C700AD84EC /* HouseCalendarTableViewCell.swift */; };
		04E2546E29F7A0DF00AD84EC /* HouseFacilitiesTableViewCell.swift in Sources */ = {isa = PBXBuildFile; fileRef = 04E2546D29F7A0DF00AD84EC /* HouseFacilitiesTableViewCell.swift */; };
		04E2547029F7A0F800AD84EC /* HouseGalleryTableViewCell.swift in Sources */ = {isa = PBXBuildFile; fileRef = 04E2546F29F7A0F800AD84EC /* HouseGalleryTableViewCell.swift */; };
		04E2547329F7A11300AD84EC /* HouseLocationTableViewCell.swift in Sources */ = {isa = PBXBuildFile; fileRef = 04E2547229F7A11300AD84EC /* HouseLocationTableViewCell.swift */; };
		62DDDE3A6A96FA9C05EEA8A8 /* Pods_Rentify_App.framework in Frameworks */ = {isa = PBXBuildFile; fileRef = 1F8D68F3870B396A8E6A1177 /* Pods_Rentify_App.framework */; };
/* End PBXBuildFile section */

/* Begin PBXFileReference section */
		0456B7A22A0DA8550071120C /* SKButton.swift */ = {isa = PBXFileReference; lastKnownFileType = sourcecode.swift; path = SKButton.swift; sourceTree = "<group>"; };
		0456B7A42A0DB1CD0071120C /* SKUsernameTextField.swift */ = {isa = PBXFileReference; lastKnownFileType = sourcecode.swift; path = SKUsernameTextField.swift; sourceTree = "<group>"; };
		047FA03029F3B9C700C5FCBB /* LaunchViewController.swift */ = {isa = PBXFileReference; lastKnownFileType = sourcecode.swift; path = LaunchViewController.swift; sourceTree = "<group>"; };
		047FA03329F3BE0600C5FCBB /* SKTextField.swift */ = {isa = PBXFileReference; lastKnownFileType = sourcecode.swift; path = SKTextField.swift; sourceTree = "<group>"; };
		047FA03529F3BED200C5FCBB /* LoginViewController.swift */ = {isa = PBXFileReference; lastKnownFileType = sourcecode.swift; path = LoginViewController.swift; sourceTree = "<group>"; };
		047FA03729F3C1B000C5FCBB /* PasswordRecoveryViewController.swift */ = {isa = PBXFileReference; lastKnownFileType = sourcecode.swift; path = PasswordRecoveryViewController.swift; sourceTree = "<group>"; };
		047FA03929F3C2F600C5FCBB /* OTPViewController.swift */ = {isa = PBXFileReference; lastKnownFileType = sourcecode.swift; path = OTPViewController.swift; sourceTree = "<group>"; };
		047FA03B29F3C5B500C5FCBB /* PasswordChangedViewController.swift */ = {isa = PBXFileReference; lastKnownFileType = sourcecode.swift; path = PasswordChangedViewController.swift; sourceTree = "<group>"; };
		047FA03D29F3C68000C5FCBB /* SignUpViewController.swift */ = {isa = PBXFileReference; lastKnownFileType = sourcecode.swift; path = SignUpViewController.swift; sourceTree = "<group>"; };
		047FA04029F3C86200C5FCBB /* MainTabbarViewController.swift */ = {isa = PBXFileReference; lastKnownFileType = sourcecode.swift; path = MainTabbarViewController.swift; sourceTree = "<group>"; };
		047FA04329F3C8B100C5FCBB /* Logger.swift */ = {isa = PBXFileReference; fileEncoding = 4; lastKnownFileType = sourcecode.swift; path = Logger.swift; sourceTree = "<group>"; };
		047FA04829F3C8B100C5FCBB /* Date.swift */ = {isa = PBXFileReference; fileEncoding = 4; lastKnownFileType = sourcecode.swift; path = Date.swift; sourceTree = "<group>"; };
		047FA04929F3C8B100C5FCBB /* String.swift */ = {isa = PBXFileReference; fileEncoding = 4; lastKnownFileType = sourcecode.swift; path = String.swift; sourceTree = "<group>"; };
		047FA04A29F3C8B100C5FCBB /* Double.swift */ = {isa = PBXFileReference; fileEncoding = 4; lastKnownFileType = sourcecode.swift; path = Double.swift; sourceTree = "<group>"; };
		047FA04B29F3C8B100C5FCBB /* CircularProgressBarView.swift */ = {isa = PBXFileReference; fileEncoding = 4; lastKnownFileType = sourcecode.swift; path = CircularProgressBarView.swift; sourceTree = "<group>"; };
		047FA04C29F3C8B100C5FCBB /* DefaultWhiteButton.swift */ = {isa = PBXFileReference; fileEncoding = 4; lastKnownFileType = sourcecode.swift; path = DefaultWhiteButton.swift; sourceTree = "<group>"; };
		047FA04D29F3C8B100C5FCBB /* SKCardView.swift */ = {isa = PBXFileReference; fileEncoding = 4; lastKnownFileType = sourcecode.swift; path = SKCardView.swift; sourceTree = "<group>"; };
		047FA06229F3C8B100C5FCBB /* UIView.swift */ = {isa = PBXFileReference; fileEncoding = 4; lastKnownFileType = sourcecode.swift; path = UIView.swift; sourceTree = "<group>"; };
		047FA06329F3C8B100C5FCBB /* UICollectionView.swift */ = {isa = PBXFileReference; fileEncoding = 4; lastKnownFileType = sourcecode.swift; path = UICollectionView.swift; sourceTree = "<group>"; };
		047FA07E29F3C9B400C5FCBB /* Screen.swift */ = {isa = PBXFileReference; fileEncoding = 4; lastKnownFileType = sourcecode.swift; path = Screen.swift; sourceTree = "<group>"; };
		047FA07F29F3C9B400C5FCBB /* ColorPalette.swift */ = {isa = PBXFileReference; fileEncoding = 4; lastKnownFileType = sourcecode.swift; path = ColorPalette.swift; sourceTree = "<group>"; };
		047FA08029F3C9B400C5FCBB /* URLs.swift */ = {isa = PBXFileReference; fileEncoding = 4; lastKnownFileType = sourcecode.swift; path = URLs.swift; sourceTree = "<group>"; };
		047FA08529F3CA2300C5FCBB /* FavoritesNavigationViewController.swift */ = {isa = PBXFileReference; lastKnownFileType = sourcecode.swift; path = FavoritesNavigationViewController.swift; sourceTree = "<group>"; };
		047FA08729F3CA5B00C5FCBB /* HousesNavigationViewController.swift */ = {isa = PBXFileReference; lastKnownFileType = sourcecode.swift; path = HousesNavigationViewController.swift; sourceTree = "<group>"; };
		047FA08929F3CA7000C5FCBB /* MainNavigationViewController.swift */ = {isa = PBXFileReference; lastKnownFileType = sourcecode.swift; path = MainNavigationViewController.swift; sourceTree = "<group>"; };
		047FA08B29F3CA8B00C5FCBB /* ProfileNavigationViewController.swift */ = {isa = PBXFileReference; lastKnownFileType = sourcecode.swift; path = ProfileNavigationViewController.swift; sourceTree = "<group>"; };
		047FA08D29F3D09A00C5FCBB /* FavoritesViewController.swift */ = {isa = PBXFileReference; lastKnownFileType = sourcecode.swift; path = FavoritesViewController.swift; sourceTree = "<group>"; };
		047FA08F29F3D0AA00C5FCBB /* HousesViewController.swift */ = {isa = PBXFileReference; lastKnownFileType = sourcecode.swift; path = HousesViewController.swift; sourceTree = "<group>"; };
		047FA09129F3D0BC00C5FCBB /* MainListViewController.swift */ = {isa = PBXFileReference; lastKnownFileType = sourcecode.swift; path = MainListViewController.swift; sourceTree = "<group>"; };
		047FA09329F3D0F000C5FCBB /* ProfileViewController.swift */ = {isa = PBXFileReference; lastKnownFileType = sourcecode.swift; path = ProfileViewController.swift; sourceTree = "<group>"; };
		047FA09729F3D20100C5FCBB /* FavoriteTableViewCell.swift */ = {isa = PBXFileReference; lastKnownFileType = sourcecode.swift; path = FavoriteTableViewCell.swift; sourceTree = "<group>"; };
		047FA09B29F3D3FA00C5FCBB /* HouseTableViewCell.swift */ = {isa = PBXFileReference; lastKnownFileType = sourcecode.swift; path = HouseTableViewCell.swift; sourceTree = "<group>"; };
		047FA0A129F3D4B200C5FCBB /* TypeCollectionViewCell.swift */ = {isa = PBXFileReference; lastKnownFileType = sourcecode.swift; path = TypeCollectionViewCell.swift; sourceTree = "<group>"; };
		048CCDD129F3AE4300919FB6 /* Main.storyboard */ = {isa = PBXFileReference; fileEncoding = 4; lastKnownFileType = file.storyboard; path = Main.storyboard; sourceTree = "<group>"; };
		048CCDD729F3B91900919FB6 /* LaunchScreen_GIF.gif */ = {isa = PBXFileReference; lastKnownFileType = image.gif; path = LaunchScreen_GIF.gif; sourceTree = "<group>"; };
		048DC70B29F3D55F006BB476 /* AdTableViewCell.swift */ = {isa = PBXFileReference; fileEncoding = 4; lastKnownFileType = sourcecode.swift; path = AdTableViewCell.swift; sourceTree = "<group>"; };
		0493858429F2BE060032386F /* Rentify App.app */ = {isa = PBXFileReference; explicitFileType = wrapper.application; includeInIndex = 0; path = "Rentify App.app"; sourceTree = BUILT_PRODUCTS_DIR; };
		0493858729F2BE060032386F /* AppDelegate.swift */ = {isa = PBXFileReference; lastKnownFileType = sourcecode.swift; path = AppDelegate.swift; sourceTree = "<group>"; };
		0493858929F2BE060032386F /* SceneDelegate.swift */ = {isa = PBXFileReference; lastKnownFileType = sourcecode.swift; path = SceneDelegate.swift; sourceTree = "<group>"; };
		0493858B29F2BE060032386F /* OpeningScreenViewController.swift */ = {isa = PBXFileReference; lastKnownFileType = sourcecode.swift; path = OpeningScreenViewController.swift; sourceTree = "<group>"; };
		0493858E29F2BE060032386F /* Base */ = {isa = PBXFileReference; lastKnownFileType = file.storyboard; name = Base; path = Base.lproj/Authorization.storyboard; sourceTree = "<group>"; };
		0493859029F2BE070032386F /* Assets.xcassets */ = {isa = PBXFileReference; lastKnownFileType = folder.assetcatalog; path = Assets.xcassets; sourceTree = "<group>"; };
		0493859329F2BE070032386F /* Base */ = {isa = PBXFileReference; lastKnownFileType = file.storyboard; name = Base; path = Base.lproj/LaunchScreen.storyboard; sourceTree = "<group>"; };
		0493859529F2BE070032386F /* Info.plist */ = {isa = PBXFileReference; lastKnownFileType = text.plist.xml; path = Info.plist; sourceTree = "<group>"; };
		04A7F85529F3E41300B7EDC8 /* ProfileBlockTableViewCell.swift */ = {isa = PBXFileReference; lastKnownFileType = sourcecode.swift; path = ProfileBlockTableViewCell.swift; sourceTree = "<group>"; };
		04A7F85829F416F400B7EDC8 /* HeaderTableViewCell.swift */ = {isa = PBXFileReference; lastKnownFileType = sourcecode.swift; path = HeaderTableViewCell.swift; sourceTree = "<group>"; };
		04A7F85A29F416FF00B7EDC8 /* BodyTableViewCell.swift */ = {isa = PBXFileReference; lastKnownFileType = sourcecode.swift; path = BodyTableViewCell.swift; sourceTree = "<group>"; };
		04B8F1612A0EEF03000B788B /* SKCurveView.swift */ = {isa = PBXFileReference; lastKnownFileType = sourcecode.swift; path = SKCurveView.swift; sourceTree = "<group>"; };
		04B8F1642A0F76E1000B788B /* SearchViewController.swift */ = {isa = PBXFileReference; lastKnownFileType = sourcecode.swift; path = SearchViewController.swift; sourceTree = "<group>"; };
		04B8F1682A0F7A67000B788B /* CriteriaTableViewCellString.swift */ = {isa = PBXFileReference; lastKnownFileType = sourcecode.swift; path = CriteriaTableViewCellString.swift; sourceTree = "<group>"; };
		04B8F16A2A0F7B6C000B788B /* CriteriaTableViewCellBool.swift */ = {isa = PBXFileReference; lastKnownFileType = sourcecode.swift; path = CriteriaTableViewCellBool.swift; sourceTree = "<group>"; };
		04C821512A0D744200FA96A8 /* Server.swift */ = {isa = PBXFileReference; lastKnownFileType = sourcecode.swift; path = Server.swift; sourceTree = "<group>"; };
		04C821542A0D7A6E00FA96A8 /* CacheManager.swift */ = {isa = PBXFileReference; lastKnownFileType = sourcecode.swift; path = CacheManager.swift; sourceTree = "<group>"; };
		04C821562A0D7C1900FA96A8 /* ProgressHud.swift */ = {isa = PBXFileReference; lastKnownFileType = sourcecode.swift; path = ProgressHud.swift; sourceTree = "<group>"; };
		04E2546329F79F4F00AD84EC /* HouseViewController.swift */ = {isa = PBXFileReference; lastKnownFileType = sourcecode.swift; path = HouseViewController.swift; sourceTree = "<group>"; };
		04E2546529F7A09100AD84EC /* HouseHeaderTableViewCell.swift */ = {isa = PBXFileReference; lastKnownFileType = sourcecode.swift; path = HouseHeaderTableViewCell.swift; sourceTree = "<group>"; };
		04E2546729F7A0A000AD84EC /* HousePriceTableViewCell.swift */ = {isa = PBXFileReference; lastKnownFileType = sourcecode.swift; path = HousePriceTableViewCell.swift; sourceTree = "<group>"; };
		04E2546929F7A0B300AD84EC /* HouseOverviewTableViewCell.swift */ = {isa = PBXFileReference; lastKnownFileType = sourcecode.swift; path = HouseOverviewTableViewCell.swift; sourceTree = "<group>"; };
		04E2546B29F7A0C700AD84EC /* HouseCalendarTableViewCell.swift */ = {isa = PBXFileReference; lastKnownFileType = sourcecode.swift; path = HouseCalendarTableViewCell.swift; sourceTree = "<group>"; };
		04E2546D29F7A0DF00AD84EC /* HouseFacilitiesTableViewCell.swift */ = {isa = PBXFileReference; lastKnownFileType = sourcecode.swift; path = HouseFacilitiesTableViewCell.swift; sourceTree = "<group>"; };
		04E2546F29F7A0F800AD84EC /* HouseGalleryTableViewCell.swift */ = {isa = PBXFileReference; lastKnownFileType = sourcecode.swift; path = HouseGalleryTableViewCell.swift; sourceTree = "<group>"; };
		04E2547229F7A11300AD84EC /* HouseLocationTableViewCell.swift */ = {isa = PBXFileReference; lastKnownFileType = sourcecode.swift; path = HouseLocationTableViewCell.swift; sourceTree = "<group>"; };
		1F8D68F3870B396A8E6A1177 /* Pods_Rentify_App.framework */ = {isa = PBXFileReference; explicitFileType = wrapper.framework; includeInIndex = 0; path = Pods_Rentify_App.framework; sourceTree = BUILT_PRODUCTS_DIR; };
		2D55D672E7D11E948353CBF9 /* Pods-Rentify App.debug.xcconfig */ = {isa = PBXFileReference; includeInIndex = 1; lastKnownFileType = text.xcconfig; name = "Pods-Rentify App.debug.xcconfig"; path = "Target Support Files/Pods-Rentify App/Pods-Rentify App.debug.xcconfig"; sourceTree = "<group>"; };
		49C7FF34EA1637050E1E93BE /* Pods-Rentify App.release.xcconfig */ = {isa = PBXFileReference; includeInIndex = 1; lastKnownFileType = text.xcconfig; name = "Pods-Rentify App.release.xcconfig"; path = "Target Support Files/Pods-Rentify App/Pods-Rentify App.release.xcconfig"; sourceTree = "<group>"; };
/* End PBXFileReference section */

/* Begin PBXFrameworksBuildPhase section */
		0493858129F2BE060032386F /* Frameworks */ = {
			isa = PBXFrameworksBuildPhase;
			buildActionMask = 2147483647;
			files = (
				62DDDE3A6A96FA9C05EEA8A8 /* Pods_Rentify_App.framework in Frameworks */,
			);
			runOnlyForDeploymentPostprocessing = 0;
		};
/* End PBXFrameworksBuildPhase section */

/* Begin PBXGroup section */
		043717AA29F3ADF5008643E4 /* Scenes */ = {
			isa = PBXGroup;
			children = (
				048CCDD629F3AF4700919FB6 /* LaunchScreen */,
				043717AB29F3AE01008643E4 /* Authorization */,
				043717AD29F3AE1C008643E4 /* Main */,
			);
			path = Scenes;
			sourceTree = "<group>";
		};
		043717AB29F3AE01008643E4 /* Authorization */ = {
			isa = PBXGroup;
			children = (
				0493858D29F2BE060032386F /* Authorization.storyboard */,
				043717AC29F3AE0D008643E4 /* ViewControllers */,
			);
			path = Authorization;
			sourceTree = "<group>";
		};
		043717AC29F3AE0D008643E4 /* ViewControllers */ = {
			isa = PBXGroup;
			children = (
				0493858B29F2BE060032386F /* OpeningScreenViewController.swift */,
				047FA03529F3BED200C5FCBB /* LoginViewController.swift */,
				047FA03729F3C1B000C5FCBB /* PasswordRecoveryViewController.swift */,
				047FA03929F3C2F600C5FCBB /* OTPViewController.swift */,
				047FA03B29F3C5B500C5FCBB /* PasswordChangedViewController.swift */,
				047FA03D29F3C68000C5FCBB /* SignUpViewController.swift */,
			);
			path = ViewControllers;
			sourceTree = "<group>";
		};
		043717AD29F3AE1C008643E4 /* Main */ = {
			isa = PBXGroup;
			children = (
				048CCDD129F3AE4300919FB6 /* Main.storyboard */,
				047FA04029F3C86200C5FCBB /* MainTabbarViewController.swift */,
				047FA08429F3CA0100C5FCBB /* NavigationControllers */,
				048CCDD329F3AF1B00919FB6 /* ViewControllers */,
			);
			path = Main;
			sourceTree = "<group>";
		};
		047FA02F29F3B9AA00C5FCBB /* ViewControllers */ = {
			isa = PBXGroup;
			children = (
				047FA03029F3B9C700C5FCBB /* LaunchViewController.swift */,
			);
			path = ViewControllers;
			sourceTree = "<group>";
		};
		047FA03229F3BDF500C5FCBB /* Custom Contorls */ = {
			isa = PBXGroup;
			children = (
				047FA03329F3BE0600C5FCBB /* SKTextField.swift */,
				047FA04B29F3C8B100C5FCBB /* CircularProgressBarView.swift */,
				047FA04C29F3C8B100C5FCBB /* DefaultWhiteButton.swift */,
				047FA04D29F3C8B100C5FCBB /* SKCardView.swift */,
				047FA04229F3C8B100C5FCBB /* Extensions */,
				0456B7A22A0DA8550071120C /* SKButton.swift */,
				0456B7A42A0DB1CD0071120C /* SKUsernameTextField.swift */,
				04B8F1612A0EEF03000B788B /* SKCurveView.swift */,
			);
			path = "Custom Contorls";
			sourceTree = "<group>";
		};
		047FA04229F3C8B100C5FCBB /* Extensions */ = {
			isa = PBXGroup;
			children = (
				047FA06129F3C8B100C5FCBB /* UIKit */,
				047FA04329F3C8B100C5FCBB /* Logger.swift */,
				047FA04729F3C8B100C5FCBB /* Foundation */,
			);
			path = Extensions;
			sourceTree = "<group>";
		};
		047FA04729F3C8B100C5FCBB /* Foundation */ = {
			isa = PBXGroup;
			children = (
				047FA04829F3C8B100C5FCBB /* Date.swift */,
				047FA04929F3C8B100C5FCBB /* String.swift */,
				047FA04A29F3C8B100C5FCBB /* Double.swift */,
			);
			path = Foundation;
			sourceTree = "<group>";
		};
		047FA06129F3C8B100C5FCBB /* UIKit */ = {
			isa = PBXGroup;
			children = (
				047FA06229F3C8B100C5FCBB /* UIView.swift */,
				047FA06329F3C8B100C5FCBB /* UICollectionView.swift */,
			);
			name = UIKit;
			path = ../UIKit;
			sourceTree = "<group>";
		};
		047FA07D29F3C9B400C5FCBB /* Static */ = {
			isa = PBXGroup;
			children = (
				047FA07E29F3C9B400C5FCBB /* Screen.swift */,
				047FA07F29F3C9B400C5FCBB /* ColorPalette.swift */,
				047FA08029F3C9B400C5FCBB /* URLs.swift */,
			);
			path = Static;
			sourceTree = "<group>";
		};
		047FA08429F3CA0100C5FCBB /* NavigationControllers */ = {
			isa = PBXGroup;
			children = (
				047FA08529F3CA2300C5FCBB /* FavoritesNavigationViewController.swift */,
				047FA08729F3CA5B00C5FCBB /* HousesNavigationViewController.swift */,
				047FA08929F3CA7000C5FCBB /* MainNavigationViewController.swift */,
				047FA08B29F3CA8B00C5FCBB /* ProfileNavigationViewController.swift */,
			);
			path = NavigationControllers;
			sourceTree = "<group>";
		};
		047FA09529F3D1A700C5FCBB /* FavoritesScene */ = {
			isa = PBXGroup;
			children = (
				047FA08D29F3D09A00C5FCBB /* FavoritesViewController.swift */,
				047FA09629F3D1B200C5FCBB /* TableViewCells */,
			);
			path = FavoritesScene;
			sourceTree = "<group>";
		};
		047FA09629F3D1B200C5FCBB /* TableViewCells */ = {
			isa = PBXGroup;
			children = (
				047FA09729F3D20100C5FCBB /* FavoriteTableViewCell.swift */,
			);
			path = TableViewCells;
			sourceTree = "<group>";
		};
		047FA09929F3D39500C5FCBB /* HousesScene */ = {
			isa = PBXGroup;
			children = (
				047FA08F29F3D0AA00C5FCBB /* HousesViewController.swift */,
				047FA09A29F3D3E500C5FCBB /* TableViewCells */,
			);
			path = HousesScene;
			sourceTree = "<group>";
		};
		047FA09A29F3D3E500C5FCBB /* TableViewCells */ = {
			isa = PBXGroup;
			children = (
				047FA09B29F3D3FA00C5FCBB /* HouseTableViewCell.swift */,
			);
			path = TableViewCells;
			sourceTree = "<group>";
		};
		047FA09D29F3D45800C5FCBB /* MainListScene */ = {
			isa = PBXGroup;
			children = (
				04B8F1632A0F76CD000B788B /* SearchViewController */,
				047FA09129F3D0BC00C5FCBB /* MainListViewController.swift */,
				047FA0A029F3D49200C5FCBB /* AdditionalViews */,
			);
			path = MainListScene;
			sourceTree = "<group>";
		};
		047FA0A029F3D49200C5FCBB /* AdditionalViews */ = {
			isa = PBXGroup;
			children = (
				04A7F85829F416F400B7EDC8 /* HeaderTableViewCell.swift */,
				04A7F85A29F416FF00B7EDC8 /* BodyTableViewCell.swift */,
				04A7F85729F416D400B7EDC8 /* Details */,
			);
			path = AdditionalViews;
			sourceTree = "<group>";
		};
		048CCDD329F3AF1B00919FB6 /* ViewControllers */ = {
			isa = PBXGroup;
			children = (
				04E2546129F79EED00AD84EC /* HouseScene */,
				047FA09529F3D1A700C5FCBB /* FavoritesScene */,
				047FA09929F3D39500C5FCBB /* HousesScene */,
				047FA09D29F3D45800C5FCBB /* MainListScene */,
				04A7F85229F3E3CE00B7EDC8 /* ProfileScene */,
			);
			path = ViewControllers;
			sourceTree = "<group>";
		};
		048CCDD429F3AF2500919FB6 /* Supporting Files */ = {
			isa = PBXGroup;
			children = (
				0493858729F2BE060032386F /* AppDelegate.swift */,
				0493858929F2BE060032386F /* SceneDelegate.swift */,
			);
			path = "Supporting Files";
			sourceTree = "<group>";
		};
		048CCDD529F3AF3600919FB6 /* Resourses */ = {
			isa = PBXGroup;
			children = (
				04C821502A0D743500FA96A8 /* Workers */,
				047FA07D29F3C9B400C5FCBB /* Static */,
				047FA03229F3BDF500C5FCBB /* Custom Contorls */,
				048CCDD729F3B91900919FB6 /* LaunchScreen_GIF.gif */,
				0493859529F2BE070032386F /* Info.plist */,
				0493859029F2BE070032386F /* Assets.xcassets */,
			);
			path = Resourses;
			sourceTree = "<group>";
		};
		048CCDD629F3AF4700919FB6 /* LaunchScreen */ = {
			isa = PBXGroup;
			children = (
				0493859229F2BE070032386F /* LaunchScreen.storyboard */,
				047FA02F29F3B9AA00C5FCBB /* ViewControllers */,
			);
			path = LaunchScreen;
			sourceTree = "<group>";
		};
		0493857B29F2BE060032386F = {
			isa = PBXGroup;
			children = (
				0493858629F2BE060032386F /* Rentify App */,
				0493858529F2BE060032386F /* Products */,
				2DE148DE017E6AF82B0D748E /* Pods */,
				2857005C74A9DBC0D9016E3C /* Frameworks */,
			);
			sourceTree = "<group>";
		};
		0493858529F2BE060032386F /* Products */ = {
			isa = PBXGroup;
			children = (
				0493858429F2BE060032386F /* Rentify App.app */,
			);
			name = Products;
			sourceTree = "<group>";
		};
		0493858629F2BE060032386F /* Rentify App */ = {
			isa = PBXGroup;
			children = (
				048CCDD529F3AF3600919FB6 /* Resourses */,
				048CCDD429F3AF2500919FB6 /* Supporting Files */,
				043717AA29F3ADF5008643E4 /* Scenes */,
			);
			path = "Rentify App";
			sourceTree = "<group>";
		};
		04A7F85229F3E3CE00B7EDC8 /* ProfileScene */ = {
			isa = PBXGroup;
			children = (
				047FA09329F3D0F000C5FCBB /* ProfileViewController.swift */,
				04A7F85529F3E41300B7EDC8 /* ProfileBlockTableViewCell.swift */,
			);
			path = ProfileScene;
			sourceTree = "<group>";
		};
		04A7F85729F416D400B7EDC8 /* Details */ = {
			isa = PBXGroup;
			children = (
				048DC70B29F3D55F006BB476 /* AdTableViewCell.swift */,
				047FA0A129F3D4B200C5FCBB /* TypeCollectionViewCell.swift */,
			);
			path = Details;
			sourceTree = "<group>";
		};
		04B8F1632A0F76CD000B788B /* SearchViewController */ = {
			isa = PBXGroup;
			children = (
				04B8F1642A0F76E1000B788B /* SearchViewController.swift */,
				04B8F1682A0F7A67000B788B /* CriteriaTableViewCellString.swift */,
				04B8F16A2A0F7B6C000B788B /* CriteriaTableViewCellBool.swift */,
			);
			path = SearchViewController;
			sourceTree = "<group>";
		};
		04C821502A0D743500FA96A8 /* Workers */ = {
			isa = PBXGroup;
			children = (
				04C821512A0D744200FA96A8 /* Server.swift */,
				04C821542A0D7A6E00FA96A8 /* CacheManager.swift */,
				04C821562A0D7C1900FA96A8 /* ProgressHud.swift */,
			);
			path = Workers;
			sourceTree = "<group>";
		};
		04E2546129F79EED00AD84EC /* HouseScene */ = {
			isa = PBXGroup;
			children = (
				04E2546229F79F2800AD84EC /* TableViewCells */,
				04E2546329F79F4F00AD84EC /* HouseViewController.swift */,
			);
			path = HouseScene;
			sourceTree = "<group>";
		};
		04E2546229F79F2800AD84EC /* TableViewCells */ = {
			isa = PBXGroup;
			children = (
				04E2546529F7A09100AD84EC /* HouseHeaderTableViewCell.swift */,
				04E2546729F7A0A000AD84EC /* HousePriceTableViewCell.swift */,
				04E2546929F7A0B300AD84EC /* HouseOverviewTableViewCell.swift */,
				04E2546B29F7A0C700AD84EC /* HouseCalendarTableViewCell.swift */,
				04E2546D29F7A0DF00AD84EC /* HouseFacilitiesTableViewCell.swift */,
				04E2546F29F7A0F800AD84EC /* HouseGalleryTableViewCell.swift */,
				04E2547229F7A11300AD84EC /* HouseLocationTableViewCell.swift */,
			);
			path = TableViewCells;
			sourceTree = "<group>";
		};
		2857005C74A9DBC0D9016E3C /* Frameworks */ = {
			isa = PBXGroup;
			children = (
				1F8D68F3870B396A8E6A1177 /* Pods_Rentify_App.framework */,
			);
			name = Frameworks;
			sourceTree = "<group>";
		};
		2DE148DE017E6AF82B0D748E /* Pods */ = {
			isa = PBXGroup;
			children = (
				2D55D672E7D11E948353CBF9 /* Pods-Rentify App.debug.xcconfig */,
				49C7FF34EA1637050E1E93BE /* Pods-Rentify App.release.xcconfig */,
			);
			path = Pods;
			sourceTree = "<group>";
		};
/* End PBXGroup section */

/* Begin PBXNativeTarget section */
		0493858329F2BE060032386F /* Rentify App */ = {
			isa = PBXNativeTarget;
			buildConfigurationList = 0493859829F2BE070032386F /* Build configuration list for PBXNativeTarget "Rentify App" */;
			buildPhases = (
				CF2D4E392EB9F1275BDDBA73 /* [CP] Check Pods Manifest.lock */,
				0493858029F2BE060032386F /* Sources */,
				0493858129F2BE060032386F /* Frameworks */,
				0493858229F2BE060032386F /* Resources */,
				51CABD0416849EAD7F8BEBF3 /* [CP] Embed Pods Frameworks */,
			);
			buildRules = (
			);
			dependencies = (
			);
			name = "Rentify App";
			productName = "Rentify App";
			productReference = 0493858429F2BE060032386F /* Rentify App.app */;
			productType = "com.apple.product-type.application";
		};
/* End PBXNativeTarget section */

/* Begin PBXProject section */
		0493857C29F2BE060032386F /* Project object */ = {
			isa = PBXProject;
			attributes = {
				BuildIndependentTargetsInParallel = 1;
				LastSwiftUpdateCheck = 1420;
				LastUpgradeCheck = 1420;
				TargetAttributes = {
					0493858329F2BE060032386F = {
						CreatedOnToolsVersion = 14.2;
					};
				};
			};
			buildConfigurationList = 0493857F29F2BE060032386F /* Build configuration list for PBXProject "Rentify App" */;
			compatibilityVersion = "Xcode 14.0";
			developmentRegion = en;
			hasScannedForEncodings = 0;
			knownRegions = (
				en,
				Base,
			);
			mainGroup = 0493857B29F2BE060032386F;
			productRefGroup = 0493858529F2BE060032386F /* Products */;
			projectDirPath = "";
			projectRoot = "";
			targets = (
				0493858329F2BE060032386F /* Rentify App */,
			);
		};
/* End PBXProject section */

/* Begin PBXResourcesBuildPhase section */
		0493858229F2BE060032386F /* Resources */ = {
			isa = PBXResourcesBuildPhase;
			buildActionMask = 2147483647;
			files = (
				0493859429F2BE070032386F /* LaunchScreen.storyboard in Resources */,
				048CCDD829F3B91900919FB6 /* LaunchScreen_GIF.gif in Resources */,
				048CCDD229F3AE4300919FB6 /* Main.storyboard in Resources */,
				0493859129F2BE070032386F /* Assets.xcassets in Resources */,
				0493858F29F2BE060032386F /* Authorization.storyboard in Resources */,
			);
			runOnlyForDeploymentPostprocessing = 0;
		};
/* End PBXResourcesBuildPhase section */

/* Begin PBXShellScriptBuildPhase section */
		51CABD0416849EAD7F8BEBF3 /* [CP] Embed Pods Frameworks */ = {
			isa = PBXShellScriptBuildPhase;
			buildActionMask = 2147483647;
			files = (
			);
			inputFileListPaths = (
				"${PODS_ROOT}/Target Support Files/Pods-Rentify App/Pods-Rentify App-frameworks-${CONFIGURATION}-input-files.xcfilelist",
			);
			name = "[CP] Embed Pods Frameworks";
			outputFileListPaths = (
				"${PODS_ROOT}/Target Support Files/Pods-Rentify App/Pods-Rentify App-frameworks-${CONFIGURATION}-output-files.xcfilelist",
			);
			runOnlyForDeploymentPostprocessing = 0;
			shellPath = /bin/sh;
			shellScript = "\"${PODS_ROOT}/Target Support Files/Pods-Rentify App/Pods-Rentify App-frameworks.sh\"\n";
			showEnvVarsInLog = 0;
		};
		CF2D4E392EB9F1275BDDBA73 /* [CP] Check Pods Manifest.lock */ = {
			isa = PBXShellScriptBuildPhase;
			buildActionMask = 2147483647;
			files = (
			);
			inputFileListPaths = (
			);
			inputPaths = (
				"${PODS_PODFILE_DIR_PATH}/Podfile.lock",
				"${PODS_ROOT}/Manifest.lock",
			);
			name = "[CP] Check Pods Manifest.lock";
			outputFileListPaths = (
			);
			outputPaths = (
				"$(DERIVED_FILE_DIR)/Pods-Rentify App-checkManifestLockResult.txt",
			);
			runOnlyForDeploymentPostprocessing = 0;
			shellPath = /bin/sh;
			shellScript = "diff \"${PODS_PODFILE_DIR_PATH}/Podfile.lock\" \"${PODS_ROOT}/Manifest.lock\" > /dev/null\nif [ $? != 0 ] ; then\n    # print error to STDERR\n    echo \"error: The sandbox is not in sync with the Podfile.lock. Run 'pod install' or update your CocoaPods installation.\" >&2\n    exit 1\nfi\n# This output is used by Xcode 'outputs' to avoid re-running this script phase.\necho \"SUCCESS\" > \"${SCRIPT_OUTPUT_FILE_0}\"\n";
			showEnvVarsInLog = 0;
		};
/* End PBXShellScriptBuildPhase section */

/* Begin PBXSourcesBuildPhase section */
		0493858029F2BE060032386F /* Sources */ = {
			isa = PBXSourcesBuildPhase;
			buildActionMask = 2147483647;
			files = (
				047FA09029F3D0AA00C5FCBB /* HousesViewController.swift in Sources */,
				04E2546429F79F4F00AD84EC /* HouseViewController.swift in Sources */,
				04A7F85B29F416FF00B7EDC8 /* BodyTableViewCell.swift in Sources */,
				04B8F16B2A0F7B6C000B788B /* CriteriaTableViewCellBool.swift in Sources */,
				047FA08129F3C9B400C5FCBB /* Screen.swift in Sources */,
				047FA06929F3C8B100C5FCBB /* Double.swift in Sources */,
				047FA09229F3D0BC00C5FCBB /* MainListViewController.swift in Sources */,
				04B8F1622A0EEF03000B788B /* SKCurveView.swift in Sources */,
				047FA08E29F3D09A00C5FCBB /* FavoritesViewController.swift in Sources */,
				047FA06729F3C8B100C5FCBB /* Date.swift in Sources */,
				047FA03629F3BED200C5FCBB /* LoginViewController.swift in Sources */,
				04E2546629F7A09100AD84EC /* HouseHeaderTableViewCell.swift in Sources */,
				047FA06A29F3C8B100C5FCBB /* CircularProgressBarView.swift in Sources */,
				04A7F85929F416F400B7EDC8 /* HeaderTableViewCell.swift in Sources */,
				04E2546829F7A0A000AD84EC /* HousePriceTableViewCell.swift in Sources */,
				047FA07B29F3C8B100C5FCBB /* UIView.swift in Sources */,
				047FA0A229F3D4B200C5FCBB /* TypeCollectionViewCell.swift in Sources */,
				04C821572A0D7C1900FA96A8 /* ProgressHud.swift in Sources */,
				047FA04129F3C86200C5FCBB /* MainTabbarViewController.swift in Sources */,
				0493858C29F2BE060032386F /* OpeningScreenViewController.swift in Sources */,
				047FA03829F3C1B000C5FCBB /* PasswordRecoveryViewController.swift in Sources */,
				047FA09429F3D0F000C5FCBB /* ProfileViewController.swift in Sources */,
				047FA08829F3CA5B00C5FCBB /* HousesNavigationViewController.swift in Sources */,
				0493858829F2BE060032386F /* AppDelegate.swift in Sources */,
				047FA08629F3CA2300C5FCBB /* FavoritesNavigationViewController.swift in Sources */,
				04E2546A29F7A0B300AD84EC /* HouseOverviewTableViewCell.swift in Sources */,
				047FA03E29F3C68000C5FCBB /* SignUpViewController.swift in Sources */,
				047FA08A29F3CA7000C5FCBB /* MainNavigationViewController.swift in Sources */,
				04E2546C29F7A0C700AD84EC /* HouseCalendarTableViewCell.swift in Sources */,
				047FA03A29F3C2F600C5FCBB /* OTPViewController.swift in Sources */,
				047FA06429F3C8B100C5FCBB /* Logger.swift in Sources */,
				04C821552A0D7A6E00FA96A8 /* CacheManager.swift in Sources */,
				047FA03429F3BE0600C5FCBB /* SKTextField.swift in Sources */,
				047FA06C29F3C8B100C5FCBB /* SKCardView.swift in Sources */,
				047FA09C29F3D3FA00C5FCBB /* HouseTableViewCell.swift in Sources */,
				0493858A29F2BE060032386F /* SceneDelegate.swift in Sources */,
				047FA08329F3C9B400C5FCBB /* URLs.swift in Sources */,
				0456B7A32A0DA8550071120C /* SKButton.swift in Sources */,
				047FA06B29F3C8B100C5FCBB /* DefaultWhiteButton.swift in Sources */,
				047FA09829F3D20100C5FCBB /* FavoriteTableViewCell.swift in Sources */,
				04B8F1652A0F76E1000B788B /* SearchViewController.swift in Sources */,
				047FA03C29F3C5B500C5FCBB /* PasswordChangedViewController.swift in Sources */,
				04A7F85629F3E41400B7EDC8 /* ProfileBlockTableViewCell.swift in Sources */,
				04E2546E29F7A0DF00AD84EC /* HouseFacilitiesTableViewCell.swift in Sources */,
				04C821522A0D744200FA96A8 /* Server.swift in Sources */,
				047FA08229F3C9B400C5FCBB /* ColorPalette.swift in Sources */,
				047FA07C29F3C8B100C5FCBB /* UICollectionView.swift in Sources */,
				047FA08C29F3CA8B00C5FCBB /* ProfileNavigationViewController.swift in Sources */,
				04E2547029F7A0F800AD84EC /* HouseGalleryTableViewCell.swift in Sources */,
				04B8F1692A0F7A67000B788B /* CriteriaTableViewCellString.swift in Sources */,
				04E2547329F7A11300AD84EC /* HouseLocationTableViewCell.swift in Sources */,
				047FA06829F3C8B100C5FCBB /* String.swift in Sources */,
				0456B7A52A0DB1CD0071120C /* SKUsernameTextField.swift in Sources */,
				047FA03129F3B9C700C5FCBB /* LaunchViewController.swift in Sources */,
				048DC70C29F3D55F006BB476 /* AdTableViewCell.swift in Sources */,
			);
			runOnlyForDeploymentPostprocessing = 0;
		};
/* End PBXSourcesBuildPhase section */

/* Begin PBXVariantGroup section */
		0493858D29F2BE060032386F /* Authorization.storyboard */ = {
			isa = PBXVariantGroup;
			children = (
				0493858E29F2BE060032386F /* Base */,
			);
			name = Authorization.storyboard;
			sourceTree = "<group>";
		};
		0493859229F2BE070032386F /* LaunchScreen.storyboard */ = {
			isa = PBXVariantGroup;
			children = (
				0493859329F2BE070032386F /* Base */,
			);
			name = LaunchScreen.storyboard;
			sourceTree = "<group>";
		};
/* End PBXVariantGroup section */

/* Begin XCBuildConfiguration section */
		0493859629F2BE070032386F /* Debug */ = {
			isa = XCBuildConfiguration;
			buildSettings = {
				ALWAYS_SEARCH_USER_PATHS = NO;
				CLANG_ANALYZER_NONNULL = YES;
				CLANG_ANALYZER_NUMBER_OBJECT_CONVERSION = YES_AGGRESSIVE;
				CLANG_CXX_LANGUAGE_STANDARD = "gnu++20";
				CLANG_ENABLE_MODULES = YES;
				CLANG_ENABLE_OBJC_ARC = YES;
				CLANG_ENABLE_OBJC_WEAK = YES;
				CLANG_WARN_BLOCK_CAPTURE_AUTORELEASING = YES;
				CLANG_WARN_BOOL_CONVERSION = YES;
				CLANG_WARN_COMMA = YES;
				CLANG_WARN_CONSTANT_CONVERSION = YES;
				CLANG_WARN_DEPRECATED_OBJC_IMPLEMENTATIONS = YES;
				CLANG_WARN_DIRECT_OBJC_ISA_USAGE = YES_ERROR;
				CLANG_WARN_DOCUMENTATION_COMMENTS = YES;
				CLANG_WARN_EMPTY_BODY = YES;
				CLANG_WARN_ENUM_CONVERSION = YES;
				CLANG_WARN_INFINITE_RECURSION = YES;
				CLANG_WARN_INT_CONVERSION = YES;
				CLANG_WARN_NON_LITERAL_NULL_CONVERSION = YES;
				CLANG_WARN_OBJC_IMPLICIT_RETAIN_SELF = YES;
				CLANG_WARN_OBJC_LITERAL_CONVERSION = YES;
				CLANG_WARN_OBJC_ROOT_CLASS = YES_ERROR;
				CLANG_WARN_QUOTED_INCLUDE_IN_FRAMEWORK_HEADER = YES;
				CLANG_WARN_RANGE_LOOP_ANALYSIS = YES;
				CLANG_WARN_STRICT_PROTOTYPES = YES;
				CLANG_WARN_SUSPICIOUS_MOVE = YES;
				CLANG_WARN_UNGUARDED_AVAILABILITY = YES_AGGRESSIVE;
				CLANG_WARN_UNREACHABLE_CODE = YES;
				CLANG_WARN__DUPLICATE_METHOD_MATCH = YES;
				COPY_PHASE_STRIP = NO;
				DEBUG_INFORMATION_FORMAT = dwarf;
				ENABLE_STRICT_OBJC_MSGSEND = YES;
				ENABLE_TESTABILITY = YES;
				GCC_C_LANGUAGE_STANDARD = gnu11;
				GCC_DYNAMIC_NO_PIC = NO;
				GCC_NO_COMMON_BLOCKS = YES;
				GCC_OPTIMIZATION_LEVEL = 0;
				GCC_PREPROCESSOR_DEFINITIONS = (
					"DEBUG=1",
					"$(inherited)",
				);
				GCC_WARN_64_TO_32_BIT_CONVERSION = YES;
				GCC_WARN_ABOUT_RETURN_TYPE = YES_ERROR;
				GCC_WARN_UNDECLARED_SELECTOR = YES;
				GCC_WARN_UNINITIALIZED_AUTOS = YES_AGGRESSIVE;
				GCC_WARN_UNUSED_FUNCTION = YES;
				GCC_WARN_UNUSED_VARIABLE = YES;
				IPHONEOS_DEPLOYMENT_TARGET = 16.2;
				MTL_ENABLE_DEBUG_INFO = INCLUDE_SOURCE;
				MTL_FAST_MATH = YES;
				ONLY_ACTIVE_ARCH = YES;
				SDKROOT = iphoneos;
				SWIFT_ACTIVE_COMPILATION_CONDITIONS = DEBUG;
				SWIFT_OPTIMIZATION_LEVEL = "-Onone";
			};
			name = Debug;
		};
		0493859729F2BE070032386F /* Release */ = {
			isa = XCBuildConfiguration;
			buildSettings = {
				ALWAYS_SEARCH_USER_PATHS = NO;
				CLANG_ANALYZER_NONNULL = YES;
				CLANG_ANALYZER_NUMBER_OBJECT_CONVERSION = YES_AGGRESSIVE;
				CLANG_CXX_LANGUAGE_STANDARD = "gnu++20";
				CLANG_ENABLE_MODULES = YES;
				CLANG_ENABLE_OBJC_ARC = YES;
				CLANG_ENABLE_OBJC_WEAK = YES;
				CLANG_WARN_BLOCK_CAPTURE_AUTORELEASING = YES;
				CLANG_WARN_BOOL_CONVERSION = YES;
				CLANG_WARN_COMMA = YES;
				CLANG_WARN_CONSTANT_CONVERSION = YES;
				CLANG_WARN_DEPRECATED_OBJC_IMPLEMENTATIONS = YES;
				CLANG_WARN_DIRECT_OBJC_ISA_USAGE = YES_ERROR;
				CLANG_WARN_DOCUMENTATION_COMMENTS = YES;
				CLANG_WARN_EMPTY_BODY = YES;
				CLANG_WARN_ENUM_CONVERSION = YES;
				CLANG_WARN_INFINITE_RECURSION = YES;
				CLANG_WARN_INT_CONVERSION = YES;
				CLANG_WARN_NON_LITERAL_NULL_CONVERSION = YES;
				CLANG_WARN_OBJC_IMPLICIT_RETAIN_SELF = YES;
				CLANG_WARN_OBJC_LITERAL_CONVERSION = YES;
				CLANG_WARN_OBJC_ROOT_CLASS = YES_ERROR;
				CLANG_WARN_QUOTED_INCLUDE_IN_FRAMEWORK_HEADER = YES;
				CLANG_WARN_RANGE_LOOP_ANALYSIS = YES;
				CLANG_WARN_STRICT_PROTOTYPES = YES;
				CLANG_WARN_SUSPICIOUS_MOVE = YES;
				CLANG_WARN_UNGUARDED_AVAILABILITY = YES_AGGRESSIVE;
				CLANG_WARN_UNREACHABLE_CODE = YES;
				CLANG_WARN__DUPLICATE_METHOD_MATCH = YES;
				COPY_PHASE_STRIP = NO;
				DEBUG_INFORMATION_FORMAT = "dwarf-with-dsym";
				ENABLE_NS_ASSERTIONS = NO;
				ENABLE_STRICT_OBJC_MSGSEND = YES;
				GCC_C_LANGUAGE_STANDARD = gnu11;
				GCC_NO_COMMON_BLOCKS = YES;
				GCC_WARN_64_TO_32_BIT_CONVERSION = YES;
				GCC_WARN_ABOUT_RETURN_TYPE = YES_ERROR;
				GCC_WARN_UNDECLARED_SELECTOR = YES;
				GCC_WARN_UNINITIALIZED_AUTOS = YES_AGGRESSIVE;
				GCC_WARN_UNUSED_FUNCTION = YES;
				GCC_WARN_UNUSED_VARIABLE = YES;
				IPHONEOS_DEPLOYMENT_TARGET = 16.2;
				MTL_ENABLE_DEBUG_INFO = NO;
				MTL_FAST_MATH = YES;
				SDKROOT = iphoneos;
				SWIFT_COMPILATION_MODE = wholemodule;
				SWIFT_OPTIMIZATION_LEVEL = "-O";
				VALIDATE_PRODUCT = YES;
			};
			name = Release;
		};
		0493859929F2BE070032386F /* Debug */ = {
			isa = XCBuildConfiguration;
			baseConfigurationReference = 2D55D672E7D11E948353CBF9 /* Pods-Rentify App.debug.xcconfig */;
			buildSettings = {
				ASSETCATALOG_COMPILER_APPICON_NAME = AppIcon;
				ASSETCATALOG_COMPILER_GLOBAL_ACCENT_COLOR_NAME = AccentColor;
				CODE_SIGN_STYLE = Automatic;
				CURRENT_PROJECT_VERSION = 1;
				DEVELOPMENT_TEAM = N53NK75LZU;
				GENERATE_INFOPLIST_FILE = YES;
				INFOPLIST_FILE = "Rentify App/Resourses/Info.plist";
				INFOPLIST_KEY_CFBundleDisplayName = Rentify;
				INFOPLIST_KEY_UIApplicationSupportsIndirectInputEvents = YES;
				INFOPLIST_KEY_UILaunchStoryboardName = LaunchScreen;
				INFOPLIST_KEY_UIMainStoryboardFile = Authorization;
				INFOPLIST_KEY_UISupportedInterfaceOrientations_iPad = "UIInterfaceOrientationPortrait UIInterfaceOrientationPortraitUpsideDown UIInterfaceOrientationLandscapeLeft UIInterfaceOrientationLandscapeRight";
				INFOPLIST_KEY_UISupportedInterfaceOrientations_iPhone = "UIInterfaceOrientationPortrait UIInterfaceOrientationLandscapeLeft UIInterfaceOrientationLandscapeRight";
				LD_RUNPATH_SEARCH_PATHS = (
					"$(inherited)",
					"@executable_path/Frameworks",
				);
				MARKETING_VERSION = 1.0;
				PRODUCT_BUNDLE_IDENTIFIER = "com.ayu.Rentify-App";
				PRODUCT_NAME = "$(TARGET_NAME)";
				SWIFT_EMIT_LOC_STRINGS = YES;
				SWIFT_VERSION = 5.0;
				TARGETED_DEVICE_FAMILY = "1,2";
			};
			name = Debug;
		};
		0493859A29F2BE070032386F /* Release */ = {
			isa = XCBuildConfiguration;
			baseConfigurationReference = 49C7FF34EA1637050E1E93BE /* Pods-Rentify App.release.xcconfig */;
			buildSettings = {
				ASSETCATALOG_COMPILER_APPICON_NAME = AppIcon;
				ASSETCATALOG_COMPILER_GLOBAL_ACCENT_COLOR_NAME = AccentColor;
				CODE_SIGN_STYLE = Automatic;
				CURRENT_PROJECT_VERSION = 1;
				DEVELOPMENT_TEAM = N53NK75LZU;
				GENERATE_INFOPLIST_FILE = YES;
				INFOPLIST_FILE = "Rentify App/Resourses/Info.plist";
				INFOPLIST_KEY_CFBundleDisplayName = Rentify;
				INFOPLIST_KEY_UIApplicationSupportsIndirectInputEvents = YES;
				INFOPLIST_KEY_UILaunchStoryboardName = LaunchScreen;
				INFOPLIST_KEY_UIMainStoryboardFile = Authorization;
				INFOPLIST_KEY_UISupportedInterfaceOrientations_iPad = "UIInterfaceOrientationPortrait UIInterfaceOrientationPortraitUpsideDown UIInterfaceOrientationLandscapeLeft UIInterfaceOrientationLandscapeRight";
				INFOPLIST_KEY_UISupportedInterfaceOrientations_iPhone = "UIInterfaceOrientationPortrait UIInterfaceOrientationLandscapeLeft UIInterfaceOrientationLandscapeRight";
				LD_RUNPATH_SEARCH_PATHS = (
					"$(inherited)",
					"@executable_path/Frameworks",
				);
				MARKETING_VERSION = 1.0;
				PRODUCT_BUNDLE_IDENTIFIER = "com.ayu.Rentify-App";
				PRODUCT_NAME = "$(TARGET_NAME)";
				SWIFT_EMIT_LOC_STRINGS = YES;
				SWIFT_VERSION = 5.0;
				TARGETED_DEVICE_FAMILY = "1,2";
			};
			name = Release;
		};
/* End XCBuildConfiguration section */

/* Begin XCConfigurationList section */
		0493857F29F2BE060032386F /* Build configuration list for PBXProject "Rentify App" */ = {
			isa = XCConfigurationList;
			buildConfigurations = (
				0493859629F2BE070032386F /* Debug */,
				0493859729F2BE070032386F /* Release */,
			);
			defaultConfigurationIsVisible = 0;
			defaultConfigurationName = Release;
		};
		0493859829F2BE070032386F /* Build configuration list for PBXNativeTarget "Rentify App" */ = {
			isa = XCConfigurationList;
			buildConfigurations = (
				0493859929F2BE070032386F /* Debug */,
				0493859A29F2BE070032386F /* Release */,
			);
			defaultConfigurationIsVisible = 0;
			defaultConfigurationName = Release;
		};
/* End XCConfigurationList section */
	};
	rootObject = 0493857C29F2BE060032386F /* Project object */;
}
