// !$*UTF8*$!
{
	archiveVersion = 1;
	classes = {
	};
	objectVersion = 56;
	objects = {

/* Begin PBXBuildFile section */
		047FA03129F3B9C700C5FCBB /* LaunchViewController.swift in Sources */ = {isa = PBXBuildFile; fileRef = 047FA03029F3B9C700C5FCBB /* LaunchViewController.swift */; };
		047FA03429F3BE0600C5FCBB /* SKTextField.swift in Sources */ = {isa = PBXBuildFile; fileRef = 047FA03329F3BE0600C5FCBB /* SKTextField.swift */; };
		047FA03629F3BED200C5FCBB /* LoginViewController.swift in Sources */ = {isa = PBXBuildFile; fileRef = 047FA03529F3BED200C5FCBB /* LoginViewController.swift */; };
		047FA03829F3C1B000C5FCBB /* PasswordRecoveryViewController.swift in Sources */ = {isa = PBXBuildFile; fileRef = 047FA03729F3C1B000C5FCBB /* PasswordRecoveryViewController.swift */; };
		047FA03A29F3C2F600C5FCBB /* OTPViewController.swift in Sources */ = {isa = PBXBuildFile; fileRef = 047FA03929F3C2F600C5FCBB /* OTPViewController.swift */; };
		047FA03C29F3C5B500C5FCBB /* PasswordChangedViewController.swift in Sources */ = {isa = PBXBuildFile; fileRef = 047FA03B29F3C5B500C5FCBB /* PasswordChangedViewController.swift */; };
		047FA03E29F3C68000C5FCBB /* SignUpViewController.swift in Sources */ = {isa = PBXBuildFile; fileRef = 047FA03D29F3C68000C5FCBB /* SignUpViewController.swift */; };
		048CCDD229F3AE4300919FB6 /* Main.storyboard in Resources */ = {isa = PBXBuildFile; fileRef = 048CCDD129F3AE4300919FB6 /* Main.storyboard */; };
		048CCDD829F3B91900919FB6 /* LaunchScreen_GIF.gif in Resources */ = {isa = PBXBuildFile; fileRef = 048CCDD729F3B91900919FB6 /* LaunchScreen_GIF.gif */; };
		0493858829F2BE060032386F /* AppDelegate.swift in Sources */ = {isa = PBXBuildFile; fileRef = 0493858729F2BE060032386F /* AppDelegate.swift */; };
		0493858A29F2BE060032386F /* SceneDelegate.swift in Sources */ = {isa = PBXBuildFile; fileRef = 0493858929F2BE060032386F /* SceneDelegate.swift */; };
		0493858C29F2BE060032386F /* OpeningScreenViewController.swift in Sources */ = {isa = PBXBuildFile; fileRef = 0493858B29F2BE060032386F /* OpeningScreenViewController.swift */; };
		0493858F29F2BE060032386F /* Authorization.storyboard in Resources */ = {isa = PBXBuildFile; fileRef = 0493858D29F2BE060032386F /* Authorization.storyboard */; };
		0493859129F2BE070032386F /* Assets.xcassets in Resources */ = {isa = PBXBuildFile; fileRef = 0493859029F2BE070032386F /* Assets.xcassets */; };
		0493859429F2BE070032386F /* LaunchScreen.storyboard in Resources */ = {isa = PBXBuildFile; fileRef = 0493859229F2BE070032386F /* LaunchScreen.storyboard */; };
		62DDDE3A6A96FA9C05EEA8A8 /* Pods_Rentify_App.framework in Frameworks */ = {isa = PBXBuildFile; fileRef = 1F8D68F3870B396A8E6A1177 /* Pods_Rentify_App.framework */; };
/* End PBXBuildFile section */

/* Begin PBXFileReference section */
		047FA03029F3B9C700C5FCBB /* LaunchViewController.swift */ = {isa = PBXFileReference; lastKnownFileType = sourcecode.swift; path = LaunchViewController.swift; sourceTree = "<group>"; };
		047FA03329F3BE0600C5FCBB /* SKTextField.swift */ = {isa = PBXFileReference; lastKnownFileType = sourcecode.swift; path = SKTextField.swift; sourceTree = "<group>"; };
		047FA03529F3BED200C5FCBB /* LoginViewController.swift */ = {isa = PBXFileReference; lastKnownFileType = sourcecode.swift; path = LoginViewController.swift; sourceTree = "<group>"; };
		047FA03729F3C1B000C5FCBB /* PasswordRecoveryViewController.swift */ = {isa = PBXFileReference; lastKnownFileType = sourcecode.swift; path = PasswordRecoveryViewController.swift; sourceTree = "<group>"; };
		047FA03929F3C2F600C5FCBB /* OTPViewController.swift */ = {isa = PBXFileReference; lastKnownFileType = sourcecode.swift; path = OTPViewController.swift; sourceTree = "<group>"; };
		047FA03B29F3C5B500C5FCBB /* PasswordChangedViewController.swift */ = {isa = PBXFileReference; lastKnownFileType = sourcecode.swift; path = PasswordChangedViewController.swift; sourceTree = "<group>"; };
		047FA03D29F3C68000C5FCBB /* SignUpViewController.swift */ = {isa = PBXFileReference; lastKnownFileType = sourcecode.swift; path = SignUpViewController.swift; sourceTree = "<group>"; };
		048CCDD129F3AE4300919FB6 /* Main.storyboard */ = {isa = PBXFileReference; fileEncoding = 4; lastKnownFileType = file.storyboard; path = Main.storyboard; sourceTree = "<group>"; };
		048CCDD729F3B91900919FB6 /* LaunchScreen_GIF.gif */ = {isa = PBXFileReference; lastKnownFileType = image.gif; path = LaunchScreen_GIF.gif; sourceTree = "<group>"; };
		0493858429F2BE060032386F /* Rentify App.app */ = {isa = PBXFileReference; explicitFileType = wrapper.application; includeInIndex = 0; path = "Rentify App.app"; sourceTree = BUILT_PRODUCTS_DIR; };
		0493858729F2BE060032386F /* AppDelegate.swift */ = {isa = PBXFileReference; lastKnownFileType = sourcecode.swift; path = AppDelegate.swift; sourceTree = "<group>"; };
		0493858929F2BE060032386F /* SceneDelegate.swift */ = {isa = PBXFileReference; lastKnownFileType = sourcecode.swift; path = SceneDelegate.swift; sourceTree = "<group>"; };
		0493858B29F2BE060032386F /* OpeningScreenViewController.swift */ = {isa = PBXFileReference; lastKnownFileType = sourcecode.swift; path = OpeningScreenViewController.swift; sourceTree = "<group>"; };
		0493858E29F2BE060032386F /* Base */ = {isa = PBXFileReference; lastKnownFileType = file.storyboard; name = Base; path = Base.lproj/Authorization.storyboard; sourceTree = "<group>"; };
		0493859029F2BE070032386F /* Assets.xcassets */ = {isa = PBXFileReference; lastKnownFileType = folder.assetcatalog; path = Assets.xcassets; sourceTree = "<group>"; };
		0493859329F2BE070032386F /* Base */ = {isa = PBXFileReference; lastKnownFileType = file.storyboard; name = Base; path = Base.lproj/LaunchScreen.storyboard; sourceTree = "<group>"; };
		0493859529F2BE070032386F /* Info.plist */ = {isa = PBXFileReference; lastKnownFileType = text.plist.xml; path = Info.plist; sourceTree = "<group>"; };
		1F8D68F3870B396A8E6A1177 /* Pods_Rentify_App.framework */ = {isa = PBXFileReference; explicitFileType = wrapper.framework; includeInIndex = 0; path = Pods_Rentify_App.framework; sourceTree = BUILT_PRODUCTS_DIR; };
		2D55D672E7D11E948353CBF9 /* Pods-Rentify App.debug.xcconfig */ = {isa = PBXFileReference; includeInIndex = 1; lastKnownFileType = text.xcconfig; name = "Pods-Rentify App.debug.xcconfig"; path = "Target Support Files/Pods-Rentify App/Pods-Rentify App.debug.xcconfig"; sourceTree = "<group>"; };
		49C7FF34EA1637050E1E93BE /* Pods-Rentify App.release.xcconfig */ = {isa = PBXFileReference; includeInIndex = 1; lastKnownFileType = text.xcconfig; name = "Pods-Rentify App.release.xcconfig"; path = "Target Support Files/Pods-Rentify App/Pods-Rentify App.release.xcconfig"; sourceTree = "<group>"; };
/* End PBXFileReference section */

/* Begin PBXFrameworksBuildPhase section */
		0493858129F2BE060032386F /* Frameworks */ = {
			isa = PBXFrameworksBuildPhase;
			buildActionMask = 2147483647;
			files = (
				62DDDE3A6A96FA9C05EEA8A8 /* Pods_Rentify_App.framework in Frameworks */,
			);
			runOnlyForDeploymentPostprocessing = 0;
		};
/* End PBXFrameworksBuildPhase section */

/* Begin PBXGroup section */
		043717AA29F3ADF5008643E4 /* Scenes */ = {
			isa = PBXGroup;
			children = (
				048CCDD629F3AF4700919FB6 /* LaunchScreen */,
				043717AB29F3AE01008643E4 /* Authorization */,
				043717AD29F3AE1C008643E4 /* Main */,
			);
			path = Scenes;
			sourceTree = "<group>";
		};
		043717AB29F3AE01008643E4 /* Authorization */ = {
			isa = PBXGroup;
			children = (
				0493858D29F2BE060032386F /* Authorization.storyboard */,
				043717AC29F3AE0D008643E4 /* ViewControllers */,
			);
			path = Authorization;
			sourceTree = "<group>";
		};
		043717AC29F3AE0D008643E4 /* ViewControllers */ = {
			isa = PBXGroup;
			children = (
				0493858B29F2BE060032386F /* OpeningScreenViewController.swift */,
				047FA03529F3BED200C5FCBB /* LoginViewController.swift */,
				047FA03729F3C1B000C5FCBB /* PasswordRecoveryViewController.swift */,
				047FA03929F3C2F600C5FCBB /* OTPViewController.swift */,
				047FA03B29F3C5B500C5FCBB /* PasswordChangedViewController.swift */,
				047FA03D29F3C68000C5FCBB /* SignUpViewController.swift */,
			);
			path = ViewControllers;
			sourceTree = "<group>";
		};
		043717AD29F3AE1C008643E4 /* Main */ = {
			isa = PBXGroup;
			children = (
				048CCDD129F3AE4300919FB6 /* Main.storyboard */,
				048CCDD329F3AF1B00919FB6 /* ViewControllers */,
			);
			path = Main;
			sourceTree = "<group>";
		};
		047FA02F29F3B9AA00C5FCBB /* ViewControllers */ = {
			isa = PBXGroup;
			children = (
				047FA03029F3B9C700C5FCBB /* LaunchViewController.swift */,
			);
			path = ViewControllers;
			sourceTree = "<group>";
		};
		047FA03229F3BDF500C5FCBB /* Custom Contorls */ = {
			isa = PBXGroup;
			children = (
				047FA03329F3BE0600C5FCBB /* SKTextField.swift */,
			);
			path = "Custom Contorls";
			sourceTree = "<group>";
		};
		048CCDD329F3AF1B00919FB6 /* ViewControllers */ = {
			isa = PBXGroup;
			children = (
			);
			path = ViewControllers;
			sourceTree = "<group>";
		};
		048CCDD429F3AF2500919FB6 /* Supporting Files */ = {
			isa = PBXGroup;
			children = (
				0493858729F2BE060032386F /* AppDelegate.swift */,
				0493858929F2BE060032386F /* SceneDelegate.swift */,
			);
			path = "Supporting Files";
			sourceTree = "<group>";
		};
		048CCDD529F3AF3600919FB6 /* Resourses */ = {
			isa = PBXGroup;
			children = (
				047FA03229F3BDF500C5FCBB /* Custom Contorls */,
				048CCDD729F3B91900919FB6 /* LaunchScreen_GIF.gif */,
				0493859529F2BE070032386F /* Info.plist */,
				0493859029F2BE070032386F /* Assets.xcassets */,
			);
			path = Resourses;
			sourceTree = "<group>";
		};
		048CCDD629F3AF4700919FB6 /* LaunchScreen */ = {
			isa = PBXGroup;
			children = (
				0493859229F2BE070032386F /* LaunchScreen.storyboard */,
				047FA02F29F3B9AA00C5FCBB /* ViewControllers */,
			);
			path = LaunchScreen;
			sourceTree = "<group>";
		};
		0493857B29F2BE060032386F = {
			isa = PBXGroup;
			children = (
				0493858629F2BE060032386F /* Rentify App */,
				0493858529F2BE060032386F /* Products */,
				2DE148DE017E6AF82B0D748E /* Pods */,
				2857005C74A9DBC0D9016E3C /* Frameworks */,
			);
			sourceTree = "<group>";
		};
		0493858529F2BE060032386F /* Products */ = {
			isa = PBXGroup;
			children = (
				0493858429F2BE060032386F /* Rentify App.app */,
			);
			name = Products;
			sourceTree = "<group>";
		};
		0493858629F2BE060032386F /* Rentify App */ = {
			isa = PBXGroup;
			children = (
				048CCDD529F3AF3600919FB6 /* Resourses */,
				048CCDD429F3AF2500919FB6 /* Supporting Files */,
				043717AA29F3ADF5008643E4 /* Scenes */,
			);
			path = "Rentify App";
			sourceTree = "<group>";
		};
		2857005C74A9DBC0D9016E3C /* Frameworks */ = {
			isa = PBXGroup;
			children = (
				1F8D68F3870B396A8E6A1177 /* Pods_Rentify_App.framework */,
			);
			name = Frameworks;
			sourceTree = "<group>";
		};
		2DE148DE017E6AF82B0D748E /* Pods */ = {
			isa = PBXGroup;
			children = (
				2D55D672E7D11E948353CBF9 /* Pods-Rentify App.debug.xcconfig */,
				49C7FF34EA1637050E1E93BE /* Pods-Rentify App.release.xcconfig */,
			);
			path = Pods;
			sourceTree = "<group>";
		};
/* End PBXGroup section */

/* Begin PBXNativeTarget section */
		0493858329F2BE060032386F /* Rentify App */ = {
			isa = PBXNativeTarget;
			buildConfigurationList = 0493859829F2BE070032386F /* Build configuration list for PBXNativeTarget "Rentify App" */;
			buildPhases = (
				CF2D4E392EB9F1275BDDBA73 /* [CP] Check Pods Manifest.lock */,
				0493858029F2BE060032386F /* Sources */,
				0493858129F2BE060032386F /* Frameworks */,
				0493858229F2BE060032386F /* Resources */,
				51CABD0416849EAD7F8BEBF3 /* [CP] Embed Pods Frameworks */,
			);
			buildRules = (
			);
			dependencies = (
			);
			name = "Rentify App";
			productName = "Rentify App";
			productReference = 0493858429F2BE060032386F /* Rentify App.app */;
			productType = "com.apple.product-type.application";
		};
/* End PBXNativeTarget section */

/* Begin PBXProject section */
		0493857C29F2BE060032386F /* Project object */ = {
			isa = PBXProject;
			attributes = {
				BuildIndependentTargetsInParallel = 1;
				LastSwiftUpdateCheck = 1420;
				LastUpgradeCheck = 1420;
				TargetAttributes = {
					0493858329F2BE060032386F = {
						CreatedOnToolsVersion = 14.2;
					};
				};
			};
			buildConfigurationList = 0493857F29F2BE060032386F /* Build configuration list for PBXProject "Rentify App" */;
			compatibilityVersion = "Xcode 14.0";
			developmentRegion = en;
			hasScannedForEncodings = 0;
			knownRegions = (
				en,
				Base,
			);
			mainGroup = 0493857B29F2BE060032386F;
			productRefGroup = 0493858529F2BE060032386F /* Products */;
			projectDirPath = "";
			projectRoot = "";
			targets = (
				0493858329F2BE060032386F /* Rentify App */,
			);
		};
/* End PBXProject section */

/* Begin PBXResourcesBuildPhase section */
		0493858229F2BE060032386F /* Resources */ = {
			isa = PBXResourcesBuildPhase;
			buildActionMask = 2147483647;
			files = (
				0493859429F2BE070032386F /* LaunchScreen.storyboard in Resources */,
				048CCDD829F3B91900919FB6 /* LaunchScreen_GIF.gif in Resources */,
				048CCDD229F3AE4300919FB6 /* Main.storyboard in Resources */,
				0493859129F2BE070032386F /* Assets.xcassets in Resources */,
				0493858F29F2BE060032386F /* Authorization.storyboard in Resources */,
			);
			runOnlyForDeploymentPostprocessing = 0;
		};
/* End PBXResourcesBuildPhase section */

/* Begin PBXShellScriptBuildPhase section */
		51CABD0416849EAD7F8BEBF3 /* [CP] Embed Pods Frameworks */ = {
			isa = PBXShellScriptBuildPhase;
			buildActionMask = 2147483647;
			files = (
			);
			inputFileListPaths = (
				"${PODS_ROOT}/Target Support Files/Pods-Rentify App/Pods-Rentify App-frameworks-${CONFIGURATION}-input-files.xcfilelist",
			);
			name = "[CP] Embed Pods Frameworks";
			outputFileListPaths = (
				"${PODS_ROOT}/Target Support Files/Pods-Rentify App/Pods-Rentify App-frameworks-${CONFIGURATION}-output-files.xcfilelist",
			);
			runOnlyForDeploymentPostprocessing = 0;
			shellPath = /bin/sh;
			shellScript = "\"${PODS_ROOT}/Target Support Files/Pods-Rentify App/Pods-Rentify App-frameworks.sh\"\n";
			showEnvVarsInLog = 0;
		};
		CF2D4E392EB9F1275BDDBA73 /* [CP] Check Pods Manifest.lock */ = {
			isa = PBXShellScriptBuildPhase;
			buildActionMask = 2147483647;
			files = (
			);
			inputFileListPaths = (
			);
			inputPaths = (
				"${PODS_PODFILE_DIR_PATH}/Podfile.lock",
				"${PODS_ROOT}/Manifest.lock",
			);
			name = "[CP] Check Pods Manifest.lock";
			outputFileListPaths = (
			);
			outputPaths = (
				"$(DERIVED_FILE_DIR)/Pods-Rentify App-checkManifestLockResult.txt",
			);
			runOnlyForDeploymentPostprocessing = 0;
			shellPath = /bin/sh;
			shellScript = "diff \"${PODS_PODFILE_DIR_PATH}/Podfile.lock\" \"${PODS_ROOT}/Manifest.lock\" > /dev/null\nif [ $? != 0 ] ; then\n    # print error to STDERR\n    echo \"error: The sandbox is not in sync with the Podfile.lock. Run 'pod install' or update your CocoaPods installation.\" >&2\n    exit 1\nfi\n# This output is used by Xcode 'outputs' to avoid re-running this script phase.\necho \"SUCCESS\" > \"${SCRIPT_OUTPUT_FILE_0}\"\n";
			showEnvVarsInLog = 0;
		};
/* End PBXShellScriptBuildPhase section */

/* Begin PBXSourcesBuildPhase section */
		0493858029F2BE060032386F /* Sources */ = {
			isa = PBXSourcesBuildPhase;
			buildActionMask = 2147483647;
			files = (
				047FA03629F3BED200C5FCBB /* LoginViewController.swift in Sources */,
				0493858C29F2BE060032386F /* OpeningScreenViewController.swift in Sources */,
				047FA03829F3C1B000C5FCBB /* PasswordRecoveryViewController.swift in Sources */,
				0493858829F2BE060032386F /* AppDelegate.swift in Sources */,
				047FA03E29F3C68000C5FCBB /* SignUpViewController.swift in Sources */,
				047FA03A29F3C2F600C5FCBB /* OTPViewController.swift in Sources */,
				047FA03429F3BE0600C5FCBB /* SKTextField.swift in Sources */,
				0493858A29F2BE060032386F /* SceneDelegate.swift in Sources */,
				047FA03C29F3C5B500C5FCBB /* PasswordChangedViewController.swift in Sources */,
				047FA03129F3B9C700C5FCBB /* LaunchViewController.swift in Sources */,
			);
			runOnlyForDeploymentPostprocessing = 0;
		};
/* End PBXSourcesBuildPhase section */

/* Begin PBXVariantGroup section */
		0493858D29F2BE060032386F /* Authorization.storyboard */ = {
			isa = PBXVariantGroup;
			children = (
				0493858E29F2BE060032386F /* Base */,
			);
			name = Authorization.storyboard;
			sourceTree = "<group>";
		};
		0493859229F2BE070032386F /* LaunchScreen.storyboard */ = {
			isa = PBXVariantGroup;
			children = (
				0493859329F2BE070032386F /* Base */,
			);
			name = LaunchScreen.storyboard;
			sourceTree = "<group>";
		};
/* End PBXVariantGroup section */

/* Begin XCBuildConfiguration section */
		0493859629F2BE070032386F /* Debug */ = {
			isa = XCBuildConfiguration;
			buildSettings = {
				ALWAYS_SEARCH_USER_PATHS = NO;
				CLANG_ANALYZER_NONNULL = YES;
				CLANG_ANALYZER_NUMBER_OBJECT_CONVERSION = YES_AGGRESSIVE;
				CLANG_CXX_LANGUAGE_STANDARD = "gnu++20";
				CLANG_ENABLE_MODULES = YES;
				CLANG_ENABLE_OBJC_ARC = YES;
				CLANG_ENABLE_OBJC_WEAK = YES;
				CLANG_WARN_BLOCK_CAPTURE_AUTORELEASING = YES;
				CLANG_WARN_BOOL_CONVERSION = YES;
				CLANG_WARN_COMMA = YES;
				CLANG_WARN_CONSTANT_CONVERSION = YES;
				CLANG_WARN_DEPRECATED_OBJC_IMPLEMENTATIONS = YES;
				CLANG_WARN_DIRECT_OBJC_ISA_USAGE = YES_ERROR;
				CLANG_WARN_DOCUMENTATION_COMMENTS = YES;
				CLANG_WARN_EMPTY_BODY = YES;
				CLANG_WARN_ENUM_CONVERSION = YES;
				CLANG_WARN_INFINITE_RECURSION = YES;
				CLANG_WARN_INT_CONVERSION = YES;
				CLANG_WARN_NON_LITERAL_NULL_CONVERSION = YES;
				CLANG_WARN_OBJC_IMPLICIT_RETAIN_SELF = YES;
				CLANG_WARN_OBJC_LITERAL_CONVERSION = YES;
				CLANG_WARN_OBJC_ROOT_CLASS = YES_ERROR;
				CLANG_WARN_QUOTED_INCLUDE_IN_FRAMEWORK_HEADER = YES;
				CLANG_WARN_RANGE_LOOP_ANALYSIS = YES;
				CLANG_WARN_STRICT_PROTOTYPES = YES;
				CLANG_WARN_SUSPICIOUS_MOVE = YES;
				CLANG_WARN_UNGUARDED_AVAILABILITY = YES_AGGRESSIVE;
				CLANG_WARN_UNREACHABLE_CODE = YES;
				CLANG_WARN__DUPLICATE_METHOD_MATCH = YES;
				COPY_PHASE_STRIP = NO;
				DEBUG_INFORMATION_FORMAT = dwarf;
				ENABLE_STRICT_OBJC_MSGSEND = YES;
				ENABLE_TESTABILITY = YES;
				GCC_C_LANGUAGE_STANDARD = gnu11;
				GCC_DYNAMIC_NO_PIC = NO;
				GCC_NO_COMMON_BLOCKS = YES;
				GCC_OPTIMIZATION_LEVEL = 0;
				GCC_PREPROCESSOR_DEFINITIONS = (
					"DEBUG=1",
					"$(inherited)",
				);
				GCC_WARN_64_TO_32_BIT_CONVERSION = YES;
				GCC_WARN_ABOUT_RETURN_TYPE = YES_ERROR;
				GCC_WARN_UNDECLARED_SELECTOR = YES;
				GCC_WARN_UNINITIALIZED_AUTOS = YES_AGGRESSIVE;
				GCC_WARN_UNUSED_FUNCTION = YES;
				GCC_WARN_UNUSED_VARIABLE = YES;
				IPHONEOS_DEPLOYMENT_TARGET = 16.2;
				MTL_ENABLE_DEBUG_INFO = INCLUDE_SOURCE;
				MTL_FAST_MATH = YES;
				ONLY_ACTIVE_ARCH = YES;
				SDKROOT = iphoneos;
				SWIFT_ACTIVE_COMPILATION_CONDITIONS = DEBUG;
				SWIFT_OPTIMIZATION_LEVEL = "-Onone";
			};
			name = Debug;
		};
		0493859729F2BE070032386F /* Release */ = {
			isa = XCBuildConfiguration;
			buildSettings = {
				ALWAYS_SEARCH_USER_PATHS = NO;
				CLANG_ANALYZER_NONNULL = YES;
				CLANG_ANALYZER_NUMBER_OBJECT_CONVERSION = YES_AGGRESSIVE;
				CLANG_CXX_LANGUAGE_STANDARD = "gnu++20";
				CLANG_ENABLE_MODULES = YES;
				CLANG_ENABLE_OBJC_ARC = YES;
				CLANG_ENABLE_OBJC_WEAK = YES;
				CLANG_WARN_BLOCK_CAPTURE_AUTORELEASING = YES;
				CLANG_WARN_BOOL_CONVERSION = YES;
				CLANG_WARN_COMMA = YES;
				CLANG_WARN_CONSTANT_CONVERSION = YES;
				CLANG_WARN_DEPRECATED_OBJC_IMPLEMENTATIONS = YES;
				CLANG_WARN_DIRECT_OBJC_ISA_USAGE = YES_ERROR;
				CLANG_WARN_DOCUMENTATION_COMMENTS = YES;
				CLANG_WARN_EMPTY_BODY = YES;
				CLANG_WARN_ENUM_CONVERSION = YES;
				CLANG_WARN_INFINITE_RECURSION = YES;
				CLANG_WARN_INT_CONVERSION = YES;
				CLANG_WARN_NON_LITERAL_NULL_CONVERSION = YES;
				CLANG_WARN_OBJC_IMPLICIT_RETAIN_SELF = YES;
				CLANG_WARN_OBJC_LITERAL_CONVERSION = YES;
				CLANG_WARN_OBJC_ROOT_CLASS = YES_ERROR;
				CLANG_WARN_QUOTED_INCLUDE_IN_FRAMEWORK_HEADER = YES;
				CLANG_WARN_RANGE_LOOP_ANALYSIS = YES;
				CLANG_WARN_STRICT_PROTOTYPES = YES;
				CLANG_WARN_SUSPICIOUS_MOVE = YES;
				CLANG_WARN_UNGUARDED_AVAILABILITY = YES_AGGRESSIVE;
				CLANG_WARN_UNREACHABLE_CODE = YES;
				CLANG_WARN__DUPLICATE_METHOD_MATCH = YES;
				COPY_PHASE_STRIP = NO;
				DEBUG_INFORMATION_FORMAT = "dwarf-with-dsym";
				ENABLE_NS_ASSERTIONS = NO;
				ENABLE_STRICT_OBJC_MSGSEND = YES;
				GCC_C_LANGUAGE_STANDARD = gnu11;
				GCC_NO_COMMON_BLOCKS = YES;
				GCC_WARN_64_TO_32_BIT_CONVERSION = YES;
				GCC_WARN_ABOUT_RETURN_TYPE = YES_ERROR;
				GCC_WARN_UNDECLARED_SELECTOR = YES;
				GCC_WARN_UNINITIALIZED_AUTOS = YES_AGGRESSIVE;
				GCC_WARN_UNUSED_FUNCTION = YES;
				GCC_WARN_UNUSED_VARIABLE = YES;
				IPHONEOS_DEPLOYMENT_TARGET = 16.2;
				MTL_ENABLE_DEBUG_INFO = NO;
				MTL_FAST_MATH = YES;
				SDKROOT = iphoneos;
				SWIFT_COMPILATION_MODE = wholemodule;
				SWIFT_OPTIMIZATION_LEVEL = "-O";
				VALIDATE_PRODUCT = YES;
			};
			name = Release;
		};
		0493859929F2BE070032386F /* Debug */ = {
			isa = XCBuildConfiguration;
			baseConfigurationReference = 2D55D672E7D11E948353CBF9 /* Pods-Rentify App.debug.xcconfig */;
			buildSettings = {
				ASSETCATALOG_COMPILER_APPICON_NAME = AppIcon;
				ASSETCATALOG_COMPILER_GLOBAL_ACCENT_COLOR_NAME = AccentColor;
				CODE_SIGN_STYLE = Automatic;
				CURRENT_PROJECT_VERSION = 1;
				DEVELOPMENT_TEAM = N53NK75LZU;
				GENERATE_INFOPLIST_FILE = YES;
				INFOPLIST_FILE = "Rentify App/Resourses/Info.plist";
				INFOPLIST_KEY_UIApplicationSupportsIndirectInputEvents = YES;
				INFOPLIST_KEY_UILaunchStoryboardName = LaunchScreen;
				INFOPLIST_KEY_UIMainStoryboardFile = Authorization;
				INFOPLIST_KEY_UISupportedInterfaceOrientations_iPad = "UIInterfaceOrientationPortrait UIInterfaceOrientationPortraitUpsideDown UIInterfaceOrientationLandscapeLeft UIInterfaceOrientationLandscapeRight";
				INFOPLIST_KEY_UISupportedInterfaceOrientations_iPhone = "UIInterfaceOrientationPortrait UIInterfaceOrientationLandscapeLeft UIInterfaceOrientationLandscapeRight";
				LD_RUNPATH_SEARCH_PATHS = (
					"$(inherited)",
					"@executable_path/Frameworks",
				);
				MARKETING_VERSION = 1.0;
				PRODUCT_BUNDLE_IDENTIFIER = "com.ayu.Rentify-App";
				PRODUCT_NAME = "$(TARGET_NAME)";
				SWIFT_EMIT_LOC_STRINGS = YES;
				SWIFT_VERSION = 5.0;
				TARGETED_DEVICE_FAMILY = "1,2";
			};
			name = Debug;
		};
		0493859A29F2BE070032386F /* Release */ = {
			isa = XCBuildConfiguration;
			baseConfigurationReference = 49C7FF34EA1637050E1E93BE /* Pods-Rentify App.release.xcconfig */;
			buildSettings = {
				ASSETCATALOG_COMPILER_APPICON_NAME = AppIcon;
				ASSETCATALOG_COMPILER_GLOBAL_ACCENT_COLOR_NAME = AccentColor;
				CODE_SIGN_STYLE = Automatic;
				CURRENT_PROJECT_VERSION = 1;
				DEVELOPMENT_TEAM = N53NK75LZU;
				GENERATE_INFOPLIST_FILE = YES;
				INFOPLIST_FILE = "Rentify App/Resourses/Info.plist";
				INFOPLIST_KEY_UIApplicationSupportsIndirectInputEvents = YES;
				INFOPLIST_KEY_UILaunchStoryboardName = LaunchScreen;
				INFOPLIST_KEY_UIMainStoryboardFile = Authorization;
				INFOPLIST_KEY_UISupportedInterfaceOrientations_iPad = "UIInterfaceOrientationPortrait UIInterfaceOrientationPortraitUpsideDown UIInterfaceOrientationLandscapeLeft UIInterfaceOrientationLandscapeRight";
				INFOPLIST_KEY_UISupportedInterfaceOrientations_iPhone = "UIInterfaceOrientationPortrait UIInterfaceOrientationLandscapeLeft UIInterfaceOrientationLandscapeRight";
				LD_RUNPATH_SEARCH_PATHS = (
					"$(inherited)",
					"@executable_path/Frameworks",
				);
				MARKETING_VERSION = 1.0;
				PRODUCT_BUNDLE_IDENTIFIER = "com.ayu.Rentify-App";
				PRODUCT_NAME = "$(TARGET_NAME)";
				SWIFT_EMIT_LOC_STRINGS = YES;
				SWIFT_VERSION = 5.0;
				TARGETED_DEVICE_FAMILY = "1,2";
			};
			name = Release;
		};
/* End XCBuildConfiguration section */

/* Begin XCConfigurationList section */
		0493857F29F2BE060032386F /* Build configuration list for PBXProject "Rentify App" */ = {
			isa = XCConfigurationList;
			buildConfigurations = (
				0493859629F2BE070032386F /* Debug */,
				0493859729F2BE070032386F /* Release */,
			);
			defaultConfigurationIsVisible = 0;
			defaultConfigurationName = Release;
		};
		0493859829F2BE070032386F /* Build configuration list for PBXNativeTarget "Rentify App" */ = {
			isa = XCConfigurationList;
			buildConfigurations = (
				0493859929F2BE070032386F /* Debug */,
				0493859A29F2BE070032386F /* Release */,
			);
			defaultConfigurationIsVisible = 0;
			defaultConfigurationName = Release;
		};
/* End XCConfigurationList section */
	};
	rootObject = 0493857C29F2BE060032386F /* Project object */;
}
